// !$*UTF8*$!
{
	archiveVersion = 1;
	classes = {
	};
	objectVersion = 50;
	objects = {

/* Begin PBXBuildFile section */
		B5EE70D7249EFD0300C31F16 /* AppDelegate.swift in Sources */ = {isa = PBXBuildFile; fileRef = B5EE70D6249EFD0300C31F16 /* AppDelegate.swift */; };
		B5EE70D9249EFD0300C31F16 /* SceneDelegate.swift in Sources */ = {isa = PBXBuildFile; fileRef = B5EE70D8249EFD0300C31F16 /* SceneDelegate.swift */; };
		B5EE70DB249EFD0300C31F16 /* ViewController.swift in Sources */ = {isa = PBXBuildFile; fileRef = B5EE70DA249EFD0300C31F16 /* ViewController.swift */; };
		B5EE70DE249EFD0300C31F16 /* Main.storyboard in Resources */ = {isa = PBXBuildFile; fileRef = B5EE70DC249EFD0300C31F16 /* Main.storyboard */; };
		B5EE70E0249EFD0700C31F16 /* Assets.xcassets in Resources */ = {isa = PBXBuildFile; fileRef = B5EE70DF249EFD0700C31F16 /* Assets.xcassets */; };
		B5EE70E3249EFD0700C31F16 /* LaunchScreen.storyboard in Resources */ = {isa = PBXBuildFile; fileRef = B5EE70E1249EFD0700C31F16 /* LaunchScreen.storyboard */; };
/* End PBXBuildFile section */

/* Begin PBXFileReference section */
		B5EE70D3249EFD0300C31F16 /* minimalistyoutube.app */ = {isa = PBXFileReference; explicitFileType = wrapper.application; includeInIndex = 0; path = minimalistyoutube.app; sourceTree = BUILT_PRODUCTS_DIR; };
		B5EE70D6249EFD0300C31F16 /* AppDelegate.swift */ = {isa = PBXFileReference; lastKnownFileType = sourcecode.swift; path = AppDelegate.swift; sourceTree = "<group>"; };
		B5EE70D8249EFD0300C31F16 /* SceneDelegate.swift */ = {isa = PBXFileReference; lastKnownFileType = sourcecode.swift; path = SceneDelegate.swift; sourceTree = "<group>"; };
		B5EE70DA249EFD0300C31F16 /* ViewController.swift */ = {isa = PBXFileReference; lastKnownFileType = sourcecode.swift; path = ViewController.swift; sourceTree = "<group>"; };
		B5EE70DD249EFD0300C31F16 /* Base */ = {isa = PBXFileReference; lastKnownFileType = file.storyboard; name = Base; path = Base.lproj/Main.storyboard; sourceTree = "<group>"; };
		B5EE70DF249EFD0700C31F16 /* Assets.xcassets */ = {isa = PBXFileReference; lastKnownFileType = folder.assetcatalog; path = Assets.xcassets; sourceTree = "<group>"; };
		B5EE70E2249EFD0700C31F16 /* Base */ = {isa = PBXFileReference; lastKnownFileType = file.storyboard; name = Base; path = Base.lproj/LaunchScreen.storyboard; sourceTree = "<group>"; };
		B5EE70E4249EFD0700C31F16 /* Info.plist */ = {isa = PBXFileReference; lastKnownFileType = text.plist.xml; path = Info.plist; sourceTree = "<group>"; };
/* End PBXFileReference section */

/* Begin PBXFrameworksBuildPhase section */
		B5EE70D0249EFD0300C31F16 /* Frameworks */ = {
			isa = PBXFrameworksBuildPhase;
			buildActionMask = 2147483647;
			files = (
			);
			runOnlyForDeploymentPostprocessing = 0;
		};
/* End PBXFrameworksBuildPhase section */

/* Begin PBXGroup section */
		B5EE70CA249EFD0300C31F16 = {
			isa = PBXGroup;
			children = (
				B5EE70D5249EFD0300C31F16 /* minimalistyoutube */,
				B5EE70D4249EFD0300C31F16 /* Products */,
			);
			sourceTree = "<group>";
		};
		B5EE70D4249EFD0300C31F16 /* Products */ = {
			isa = PBXGroup;
			children = (
				B5EE70D3249EFD0300C31F16 /* minimalistyoutube.app */,
			);
			name = Products;
			sourceTree = "<group>";
		};
		B5EE70D5249EFD0300C31F16 /* minimalistyoutube */ = {
			isa = PBXGroup;
			children = (
				B5EE70D6249EFD0300C31F16 /* AppDelegate.swift */,
				B5EE70D8249EFD0300C31F16 /* SceneDelegate.swift */,
				B5EE70DA249EFD0300C31F16 /* ViewController.swift */,
				B5EE70DC249EFD0300C31F16 /* Main.storyboard */,
				B5EE70DF249EFD0700C31F16 /* Assets.xcassets */,
				B5EE70E1249EFD0700C31F16 /* LaunchScreen.storyboard */,
				B5EE70E4249EFD0700C31F16 /* Info.plist */,
			);
			path = minimalistyoutube;
			sourceTree = "<group>";
		};
/* End PBXGroup section */

/* Begin PBXNativeTarget section */
		B5EE70D2249EFD0300C31F16 /* minimalistyoutube */ = {
			isa = PBXNativeTarget;
			buildConfigurationList = B5EE70E7249EFD0700C31F16 /* Build configuration list for PBXNativeTarget "minimalistyoutube" */;
			buildPhases = (
				B5EE70CF249EFD0300C31F16 /* Sources */,
				B5EE70D0249EFD0300C31F16 /* Frameworks */,
				B5EE70D1249EFD0300C31F16 /* Resources */,
			);
			buildRules = (
			);
			dependencies = (
			);
			name = minimalistyoutube;
			productName = minimalistyoutube;
			productReference = B5EE70D3249EFD0300C31F16 /* minimalistyoutube.app */;
			productType = "com.apple.product-type.application";
		};
/* End PBXNativeTarget section */

/* Begin PBXProject section */
		B5EE70CB249EFD0300C31F16 /* Project object */ = {
			isa = PBXProject;
			attributes = {
				LastSwiftUpdateCheck = 1150;
				LastUpgradeCheck = 1150;
				ORGANIZATIONNAME = Sharvenium;
				TargetAttributes = {
					B5EE70D2249EFD0300C31F16 = {
						CreatedOnToolsVersion = 11.5;
					};
				};
			};
			buildConfigurationList = B5EE70CE249EFD0300C31F16 /* Build configuration list for PBXProject "minimalistyoutube" */;
			compatibilityVersion = "Xcode 9.3";
			developmentRegion = en;
			hasScannedForEncodings = 0;
			knownRegions = (
				en,
				Base,
			);
			mainGroup = B5EE70CA249EFD0300C31F16;
			productRefGroup = B5EE70D4249EFD0300C31F16 /* Products */;
			projectDirPath = "";
			projectRoot = "";
			targets = (
				B5EE70D2249EFD0300C31F16 /* minimalistyoutube */,
			);
		};
/* End PBXProject section */

/* Begin PBXResourcesBuildPhase section */
		B5EE70D1249EFD0300C31F16 /* Resources */ = {
			isa = PBXResourcesBuildPhase;
			buildActionMask = 2147483647;
			files = (
				B5EE70E3249EFD0700C31F16 /* LaunchScreen.storyboard in Resources */,
				B5EE70E0249EFD0700C31F16 /* Assets.xcassets in Resources */,
				B5EE70DE249EFD0300C31F16 /* Main.storyboard in Resources */,
			);
			runOnlyForDeploymentPostprocessing = 0;
		};
/* End PBXResourcesBuildPhase section */

/* Begin PBXSourcesBuildPhase section */
		B5EE70CF249EFD0300C31F16 /* Sources */ = {
			isa = PBXSourcesBuildPhase;
			buildActionMask = 2147483647;
			files = (
				B5EE70DB249EFD0300C31F16 /* ViewController.swift in Sources */,
				B5EE70D7249EFD0300C31F16 /* AppDelegate.swift in Sources */,
				B5EE70D9249EFD0300C31F16 /* SceneDelegate.swift in Sources */,
			);
			runOnlyForDeploymentPostprocessing = 0;
		};
/* End PBXSourcesBuildPhase section */

/* Begin PBXVariantGroup section */
		B5EE70DC249EFD0300C31F16 /* Main.storyboard */ = {
			isa = PBXVariantGroup;
			children = (
				B5EE70DD249EFD0300C31F16 /* Base */,
			);
			name = Main.storyboard;
			sourceTree = "<group>";
		};
		B5EE70E1249EFD0700C31F16 /* LaunchScreen.storyboard */ = {
			isa = PBXVariantGroup;
			children = (
				B5EE70E2249EFD0700C31F16 /* Base */,
			);
			name = LaunchScreen.storyboard;
			sourceTree = "<group>";
		};
/* End PBXVariantGroup section */

/* Begin XCBuildConfiguration section */
		B5EE70E5249EFD0700C31F16 /* Debug */ = {
			isa = XCBuildConfiguration;
			buildSettings = {
				ALWAYS_SEARCH_USER_PATHS = NO;
				CLANG_ANALYZER_NONNULL = YES;
				CLANG_ANALYZER_NUMBER_OBJECT_CONVERSION = YES_AGGRESSIVE;
				CLANG_CXX_LANGUAGE_STANDARD = "gnu++14";
				CLANG_CXX_LIBRARY = "libc++";
				CLANG_ENABLE_MODULES = YES;
				CLANG_ENABLE_OBJC_ARC = YES;
				CLANG_ENABLE_OBJC_WEAK = YES;
				CLANG_WARN_BLOCK_CAPTURE_AUTORELEASING = YES;
				CLANG_WARN_BOOL_CONVERSION = YES;
				CLANG_WARN_COMMA = YES;
				CLANG_WARN_CONSTANT_CONVERSION = YES;
				CLANG_WARN_DEPRECATED_OBJC_IMPLEMENTATIONS = YES;
				CLANG_WARN_DIRECT_OBJC_ISA_USAGE = YES_ERROR;
				CLANG_WARN_DOCUMENTATION_COMMENTS = YES;
				CLANG_WARN_EMPTY_BODY = YES;
				CLANG_WARN_ENUM_CONVERSION = YES;
				CLANG_WARN_INFINITE_RECURSION = YES;
				CLANG_WARN_INT_CONVERSION = YES;
				CLANG_WARN_NON_LITERAL_NULL_CONVERSION = YES;
				CLANG_WARN_OBJC_IMPLICIT_RETAIN_SELF = YES;
				CLANG_WARN_OBJC_LITERAL_CONVERSION = YES;
				CLANG_WARN_OBJC_ROOT_CLASS = YES_ERROR;
				CLANG_WARN_RANGE_LOOP_ANALYSIS = YES;
				CLANG_WARN_STRICT_PROTOTYPES = YES;
				CLANG_WARN_SUSPICIOUS_MOVE = YES;
				CLANG_WARN_UNGUARDED_AVAILABILITY = YES_AGGRESSIVE;
				CLANG_WARN_UNREACHABLE_CODE = YES;
				CLANG_WARN__DUPLICATE_METHOD_MATCH = YES;
				COPY_PHASE_STRIP = NO;
				DEBUG_INFORMATION_FORMAT = dwarf;
				ENABLE_STRICT_OBJC_MSGSEND = YES;
				ENABLE_TESTABILITY = YES;
				GCC_C_LANGUAGE_STANDARD = gnu11;
				GCC_DYNAMIC_NO_PIC = NO;
				GCC_NO_COMMON_BLOCKS = YES;
				GCC_OPTIMIZATION_LEVEL = 0;
				GCC_PREPROCESSOR_DEFINITIONS = (
					"DEBUG=1",
					"$(inherited)",
				);
				GCC_WARN_64_TO_32_BIT_CONVERSION = YES;
				GCC_WARN_ABOUT_RETURN_TYPE = YES_ERROR;
				GCC_WARN_UNDECLARED_SELECTOR = YES;
				GCC_WARN_UNINITIALIZED_AUTOS = YES_AGGRESSIVE;
				GCC_WARN_UNUSED_FUNCTION = YES;
				GCC_WARN_UNUSED_VARIABLE = YES;
				IPHONEOS_DEPLOYMENT_TARGET = 13.5;
				MTL_ENABLE_DEBUG_INFO = INCLUDE_SOURCE;
				MTL_FAST_MATH = YES;
				ONLY_ACTIVE_ARCH = YES;
				SDKROOT = iphoneos;
				SWIFT_ACTIVE_COMPILATION_CONDITIONS = DEBUG;
				SWIFT_OPTIMIZATION_LEVEL = "-Onone";
			};
			name = Debug;
		};
		B5EE70E6249EFD0700C31F16 /* Release */ = {
			isa = XCBuildConfiguration;
			buildSettings = {
				ALWAYS_SEARCH_USER_PATHS = NO;
				CLANG_ANALYZER_NONNULL = YES;
				CLANG_ANALYZER_NUMBER_OBJECT_CONVERSION = YES_AGGRESSIVE;
				CLANG_CXX_LANGUAGE_STANDARD = "gnu++14";
				CLANG_CXX_LIBRARY = "libc++";
				CLANG_ENABLE_MODULES = YES;
				CLANG_ENABLE_OBJC_ARC = YES;
				CLANG_ENABLE_OBJC_WEAK = YES;
				CLANG_WARN_BLOCK_CAPTURE_AUTORELEASING = YES;
				CLANG_WARN_BOOL_CONVERSION = YES;
				CLANG_WARN_COMMA = YES;
				CLANG_WARN_CONSTANT_CONVERSION = YES;
				CLANG_WARN_DEPRECATED_OBJC_IMPLEMENTATIONS = YES;
				CLANG_WARN_DIRECT_OBJC_ISA_USAGE = YES_ERROR;
				CLANG_WARN_DOCUMENTATION_COMMENTS = YES;
				CLANG_WARN_EMPTY_BODY = YES;
				CLANG_WARN_ENUM_CONVERSION = YES;
				CLANG_WARN_INFINITE_RECURSION = YES;
				CLANG_WARN_INT_CONVERSION = YES;
				CLANG_WARN_NON_LITERAL_NULL_CONVERSION = YES;
				CLANG_WARN_OBJC_IMPLICIT_RETAIN_SELF = YES;
				CLANG_WARN_OBJC_LITERAL_CONVERSION = YES;
				CLANG_WARN_OBJC_ROOT_CLASS = YES_ERROR;
				CLANG_WARN_RANGE_LOOP_ANALYSIS = YES;
				CLANG_WARN_STRICT_PROTOTYPES = YES;
				CLANG_WARN_SUSPICIOUS_MOVE = YES;
				CLANG_WARN_UNGUARDED_AVAILABILITY = YES_AGGRESSIVE;
				CLANG_WARN_UNREACHABLE_CODE = YES;
				CLANG_WARN__DUPLICATE_METHOD_MATCH = YES;
				COPY_PHASE_STRIP = NO;
				DEBUG_INFORMATION_FORMAT = "dwarf-with-dsym";
				ENABLE_NS_ASSERTIONS = NO;
				ENABLE_STRICT_OBJC_MSGSEND = YES;
				GCC_C_LANGUAGE_STANDARD = gnu11;
				GCC_NO_COMMON_BLOCKS = YES;
				GCC_WARN_64_TO_32_BIT_CONVERSION = YES;
				GCC_WARN_ABOUT_RETURN_TYPE = YES_ERROR;
				GCC_WARN_UNDECLARED_SELECTOR = YES;
				GCC_WARN_UNINITIALIZED_AUTOS = YES_AGGRESSIVE;
				GCC_WARN_UNUSED_FUNCTION = YES;
				GCC_WARN_UNUSED_VARIABLE = YES;
				IPHONEOS_DEPLOYMENT_TARGET = 13.5;
				MTL_ENABLE_DEBUG_INFO = NO;
				MTL_FAST_MATH = YES;
				SDKROOT = iphoneos;
				SWIFT_COMPILATION_MODE = wholemodule;
				SWIFT_OPTIMIZATION_LEVEL = "-O";
				VALIDATE_PRODUCT = YES;
			};
			name = Release;
		};
		B5EE70E8249EFD0700C31F16 /* Debug */ = {
			isa = XCBuildConfiguration;
			buildSettings = {
				ASSETCATALOG_COMPILER_APPICON_NAME = AppIcon;
				CODE_SIGN_STYLE = Automatic;
				DEVELOPMENT_TEAM = X5SE8QF849;
				INFOPLIST_FILE = minimalistyoutube/Info.plist;
				LD_RUNPATH_SEARCH_PATHS = (
					"$(inherited)",
					"@executable_path/Frameworks",
				);
				PRODUCT_BUNDLE_IDENTIFIER = com.sharvenium.minimalistyoutube;
				PRODUCT_NAME = "$(TARGET_NAME)";
				SWIFT_VERSION = 5.0;
				TARGETED_DEVICE_FAMILY = "1,2";
			};
			name = Debug;
		};
		B5EE70E9249EFD0700C31F16 /* Release */ = {
			isa = XCBuildConfiguration;
			buildSettings = {
				ASSETCATALOG_COMPILER_APPICON_NAME = AppIcon;
				CODE_SIGN_STYLE = Automatic;
				DEVELOPMENT_TEAM = X5SE8QF849;
				INFOPLIST_FILE = minimalistyoutube/Info.plist;
				LD_RUNPATH_SEARCH_PATHS = (
					"$(inherited)",
					"@executable_path/Frameworks",
				);
				PRODUCT_BUNDLE_IDENTIFIER = com.sharvenium.minimalistyoutube;
				PRODUCT_NAME = "$(TARGET_NAME)";
				SWIFT_VERSION = 5.0;
				TARGETED_DEVICE_FAMILY = "1,2";
			};
			name = Release;
		};
/* End XCBuildConfiguration section */

/* Begin XCConfigurationList section */
		B5EE70CE249EFD0300C31F16 /* Build configuration list for PBXProject "minimalistyoutube" */ = {
			isa = XCConfigurationList;
			buildConfigurations = (
				B5EE70E5249EFD0700C31F16 /* Debug */,
				B5EE70E6249EFD0700C31F16 /* Release */,
			);
			defaultConfigurationIsVisible = 0;
			defaultConfigurationName = Release;
		};
		B5EE70E7249EFD0700C31F16 /* Build configuration list for PBXNativeTarget "minimalistyoutube" */ = {
			isa = XCConfigurationList;
			buildConfigurations = (
				B5EE70E8249EFD0700C31F16 /* Debug */,
				B5EE70E9249EFD0700C31F16 /* Release */,
			);
			defaultConfigurationIsVisible = 0;
			defaultConfigurationName = Release;
		};
/* End XCConfigurationList section */
	};
	rootObject = B5EE70CB249EFD0300C31F16 /* Project object */;
}
